
Microsoft Visual Studio Solution File, Format Version 12.00
# Visual Studio 15
VisualStudioVersion = 15.0.28307.1022
MinimumVisualStudioVersion = 10.0.40219.1
Project("{9A19103F-16F7-4668-BE54-9A1E7A4F7556}") = "WholesaleEngineering", "WholesaleEngineering\WholesaleEngineering.csproj", "{A0DF269D-ADCE-410D-A033-3DBAC48442BF}"
EndProject
Project("{9A19103F-16F7-4668-BE54-9A1E7A4F7556}") = "Repository", "Repository\Repository.csproj", "{72DCEB8A-228B-403C-92F4-7EF2B33620EE}"
EndProject
Project("{9A19103F-16F7-4668-BE54-9A1E7A4F7556}") = "DataAccessLayer", "DataAccessLayer\DataAccessLayer.csproj", "{B3F9A6C0-7A21-4558-9F18-4542F0F7E9BB}"
EndProject
Project("{9A19103F-16F7-4668-BE54-9A1E7A4F7556}") = "Models", "Models\Models.csproj", "{7062D4C9-5286-4B76-8346-8CE8F5AC36E2}"
EndProject
Project("{9A19103F-16F7-4668-BE54-9A1E7A4F7556}") = "WholesaleEngineering.Test", "WholesaleEngineering.Test\WholesaleEngineering.Test.csproj", "{265798BC-E0CB-42A0-882F-9E9CE9C60B2D}"
EndProject
Global
	GlobalSection(SolutionConfigurationPlatforms) = preSolution
		Debug|Any CPU = Debug|Any CPU
		Release|Any CPU = Release|Any CPU
	EndGlobalSection
	GlobalSection(ProjectConfigurationPlatforms) = postSolution
		{A0DF269D-ADCE-410D-A033-3DBAC48442BF}.Debug|Any CPU.ActiveCfg = Debug|Any CPU
		{A0DF269D-ADCE-410D-A033-3DBAC48442BF}.Debug|Any CPU.Build.0 = Debug|Any CPU
		{A0DF269D-ADCE-410D-A033-3DBAC48442BF}.Release|Any CPU.ActiveCfg = Release|Any CPU
		{A0DF269D-ADCE-410D-A033-3DBAC48442BF}.Release|Any CPU.Build.0 = Release|Any CPU
		{72DCEB8A-228B-403C-92F4-7EF2B33620EE}.Debug|Any CPU.ActiveCfg = Debug|Any CPU
		{72DCEB8A-228B-403C-92F4-7EF2B33620EE}.Debug|Any CPU.Build.0 = Debug|Any CPU
		{72DCEB8A-228B-403C-92F4-7EF2B33620EE}.Release|Any CPU.ActiveCfg = Release|Any CPU
		{72DCEB8A-228B-403C-92F4-7EF2B33620EE}.Release|Any CPU.Build.0 = Release|Any CPU
		{B3F9A6C0-7A21-4558-9F18-4542F0F7E9BB}.Debug|Any CPU.ActiveCfg = Debug|Any CPU
		{B3F9A6C0-7A21-4558-9F18-4542F0F7E9BB}.Debug|Any CPU.Build.0 = Debug|Any CPU
		{B3F9A6C0-7A21-4558-9F18-4542F0F7E9BB}.Release|Any CPU.ActiveCfg = Release|Any CPU
		{B3F9A6C0-7A21-4558-9F18-4542F0F7E9BB}.Release|Any CPU.Build.0 = Release|Any CPU
		{7062D4C9-5286-4B76-8346-8CE8F5AC36E2}.Debug|Any CPU.ActiveCfg = Debug|Any CPU
		{7062D4C9-5286-4B76-8346-8CE8F5AC36E2}.Debug|Any CPU.Build.0 = Debug|Any CPU
		{7062D4C9-5286-4B76-8346-8CE8F5AC36E2}.Release|Any CPU.ActiveCfg = Release|Any CPU
		{7062D4C9-5286-4B76-8346-8CE8F5AC36E2}.Release|Any CPU.Build.0 = Release|Any CPU
		{265798BC-E0CB-42A0-882F-9E9CE9C60B2D}.Debug|Any CPU.ActiveCfg = Debug|Any CPU
		{265798BC-E0CB-42A0-882F-9E9CE9C60B2D}.Debug|Any CPU.Build.0 = Debug|Any CPU
		{265798BC-E0CB-42A0-882F-9E9CE9C60B2D}.Release|Any CPU.ActiveCfg = Release|Any CPU
		{265798BC-E0CB-42A0-882F-9E9CE9C60B2D}.Release|Any CPU.Build.0 = Release|Any CPU
	EndGlobalSection
	GlobalSection(SolutionProperties) = preSolution
		HideSolutionNode = FALSE
	EndGlobalSection
	GlobalSection(ExtensibilityGlobals) = postSolution
		SolutionGuid = {FD39F08E-D205-45B9-9F33-D925203E88E3}
	EndGlobalSection
EndGlobal
